<?xml version="1.0" encoding="utf-8"?>
<Project ToolsVersion="4.0" xmlns="http://schemas.microsoft.com/developer/msbuild/2003">
  <ItemGroup>
    <Filter Include="源文件">
      <UniqueIdentifier>{4FC737F1-C7A5-4376-A066-2A32D752A2FF}</UniqueIdentifier>
      <Extensions>cpp;c;cc;cxx;def;odl;idl;hpj;bat;asm;asmx</Extensions>
    </Filter>
    <Filter Include="头文件">
      <UniqueIdentifier>{93995380-89BD-4b04-88EB-625FBE52EBFB}</UniqueIdentifier>
      <Extensions>h;hh;hpp;hxx;hm;inl;inc;xsd</Extensions>
    </Filter>
    <Filter Include="资源文件">
      <UniqueIdentifier>{67DA6AB6-F800-4c08-8B7A-83BB121AAD01}</UniqueIdentifier>
      <Extensions>rc;ico;cur;bmp;dlg;rc2;rct;bin;rgs;gif;jpg;jpeg;jpe;resx;tiff;tif;png;wav;mfcribbon-ms</Extensions>
    </Filter>
  </ItemGroup>
  <ItemGroup>
    <ClCompile Include="main.cpp">
      <Filter>源文件</Filter>
    </ClCompile>
  </ItemGroup>
  <ItemGroup>
    <ClInclude Include="L0014.h">
      <Filter>头文件</Filter>
    </ClInclude>
    <ClInclude Include="L0020.h">
      <Filter>头文件</Filter>
    </ClInclude>
    <ClInclude Include="L0021.h">
      <Filter>头文件</Filter>
    </ClInclude>
    <ClInclude Include="L0026.h">
      <Filter>头文件</Filter>
    </ClInclude>
    <ClInclude Include="L0027.h">
      <Filter>头文件</Filter>
    </ClInclude>
    <ClInclude Include="L0028.h">
      <Filter>头文件</Filter>
    </ClInclude>
    <ClInclude Include="L0035.h">
      <Filter>头文件</Filter>
    </ClInclude>
    <ClInclude Include="L0038.h">
      <Filter>头文件</Filter>
    </ClInclude>
    <ClInclude Include="L0053.h">
      <Filter>头文件</Filter>
    </ClInclude>
    <ClInclude Include="L0058.h">
      <Filter>头文件</Filter>
    </ClInclude>
    <ClInclude Include="L0066.h">
      <Filter>头文件</Filter>
    </ClInclude>
    <ClInclude Include="L0067.h">
      <Filter>头文件</Filter>
    </ClInclude>
    <ClInclude Include="L0069.h">
      <Filter>头文件</Filter>
    </ClInclude>
    <ClInclude Include="L0101.h">
      <Filter>头文件</Filter>
    </ClInclude>
    <ClInclude Include="L0160.h">
      <Filter>头文件</Filter>
    </ClInclude>
    <ClInclude Include="L0172.h">
      <Filter>头文件</Filter>
    </ClInclude>
    <ClInclude Include="L0189.h">
      <Filter>头文件</Filter>
    </ClInclude>
    <ClInclude Include="L0012.h">
      <Filter>头文件</Filter>
    </ClInclude>
    <ClInclude Include="L0015.h">
      <Filter>头文件</Filter>
    </ClInclude>
    <ClInclude Include="L0016.h">
      <Filter>头文件</Filter>
    </ClInclude>
    <ClInclude Include="L0017.h">
      <Filter>头文件</Filter>
    </ClInclude>
    <ClInclude Include="L0018.h">
      <Filter>头文件</Filter>
    </ClInclude>
    <ClInclude Include="L0019.h">
      <Filter>头文件</Filter>
    </ClInclude>
    <ClInclude Include="L0022.h">
      <Filter>头文件</Filter>
    </ClInclude>
    <ClInclude Include="L0023.h">
      <Filter>头文件</Filter>
    </ClInclude>
    <ClInclude Include="L0024.h">
      <Filter>头文件</Filter>
    </ClInclude>
    <ClInclude Include="L0025.h">
      <Filter>头文件</Filter>
    </ClInclude>
    <ClInclude Include="L0029.h">
      <Filter>头文件</Filter>
    </ClInclude>
    <ClInclude Include="L0030.h">
      <Filter>头文件</Filter>
    </ClInclude>
    <ClInclude Include="L0031.h">
      <Filter>头文件</Filter>
    </ClInclude>
    <ClInclude Include="L0032.h">
      <Filter>头文件</Filter>
    </ClInclude>
    <ClInclude Include="L0033.h">
      <Filter>头文件</Filter>
    </ClInclude>
    <ClInclude Include="L0034.h">
      <Filter>头文件</Filter>
    </ClInclude>
    <ClInclude Include="L0036.h">
      <Filter>头文件</Filter>
    </ClInclude>
    <ClInclude Include="Head.h">
      <Filter>头文件</Filter>
    </ClInclude>
  </ItemGroup>
</Project>