<?xml version="1.0" encoding="utf-8"?>
<Project ToolsVersion="4.0" xmlns="http://schemas.microsoft.com/developer/msbuild/2003">
  <ItemGroup>
    <Filter Include="源文件">
      <UniqueIdentifier>{4FC737F1-C7A5-4376-A066-2A32D752A2FF}</UniqueIdentifier>
      <Extensions>cpp;c;cc;cxx;def;odl;idl;hpj;bat;asm;asmx</Extensions>
    </Filter>
    <Filter Include="头文件">
      <UniqueIdentifier>{93995380-89BD-4b04-88EB-625FBE52EBFB}</UniqueIdentifier>
      <Extensions>h;hh;hpp;hxx;hm;inl;inc;xsd</Extensions>
    </Filter>
    <Filter Include="头文件\L1_100">
      <UniqueIdentifier>{ff204c75-d691-436e-857d-7780cec28088}</UniqueIdentifier>
    </Filter>
    <Filter Include="头文件\L101_200">
      <UniqueIdentifier>{7ccda3cd-db4d-4b52-ba12-ed5d464c595b}</UniqueIdentifier>
    </Filter>
  </ItemGroup>
  <ItemGroup>
    <ClCompile Include="src\main.cpp">
      <Filter>源文件</Filter>
    </ClCompile>
  </ItemGroup>
  <ItemGroup>
    <ClInclude Include="src\Head.h">
      <Filter>头文件</Filter>
    </ClInclude>
    <ClInclude Include="src\L1_100\L0012.h">
      <Filter>头文件\L1_100</Filter>
    </ClInclude>
    <ClInclude Include="src\L1_100\L0014.h">
      <Filter>头文件\L1_100</Filter>
    </ClInclude>
    <ClInclude Include="src\L1_100\L0015.h">
      <Filter>头文件\L1_100</Filter>
    </ClInclude>
    <ClInclude Include="src\L1_100\L0016.h">
      <Filter>头文件\L1_100</Filter>
    </ClInclude>
    <ClInclude Include="src\L1_100\L0017.h">
      <Filter>头文件\L1_100</Filter>
    </ClInclude>
    <ClInclude Include="src\L1_100\L0018.h">
      <Filter>头文件\L1_100</Filter>
    </ClInclude>
    <ClInclude Include="src\L1_100\L0019.h">
      <Filter>头文件\L1_100</Filter>
    </ClInclude>
    <ClInclude Include="src\L1_100\L0020.h">
      <Filter>头文件\L1_100</Filter>
    </ClInclude>
    <ClInclude Include="src\L1_100\L0021.h">
      <Filter>头文件\L1_100</Filter>
    </ClInclude>
    <ClInclude Include="src\L1_100\L0022.h">
      <Filter>头文件\L1_100</Filter>
    </ClInclude>
    <ClInclude Include="src\L1_100\L0023.h">
      <Filter>头文件\L1_100</Filter>
    </ClInclude>
    <ClInclude Include="src\L1_100\L0024.h">
      <Filter>头文件\L1_100</Filter>
    </ClInclude>
    <ClInclude Include="src\L1_100\L0025.h">
      <Filter>头文件\L1_100</Filter>
    </ClInclude>
    <ClInclude Include="src\L1_100\L0026.h">
      <Filter>头文件\L1_100</Filter>
    </ClInclude>
    <ClInclude Include="src\L1_100\L0027.h">
      <Filter>头文件\L1_100</Filter>
    </ClInclude>
    <ClInclude Include="src\L1_100\L0028.h">
      <Filter>头文件\L1_100</Filter>
    </ClInclude>
    <ClInclude Include="src\L1_100\L0029.h">
      <Filter>头文件\L1_100</Filter>
    </ClInclude>
    <ClInclude Include="src\L1_100\L0030.h">
      <Filter>头文件\L1_100</Filter>
    </ClInclude>
    <ClInclude Include="src\L1_100\L0031.h">
      <Filter>头文件\L1_100</Filter>
    </ClInclude>
    <ClInclude Include="src\L1_100\L0032.h">
      <Filter>头文件\L1_100</Filter>
    </ClInclude>
    <ClInclude Include="src\L1_100\L0033.h">
      <Filter>头文件\L1_100</Filter>
    </ClInclude>
    <ClInclude Include="src\L1_100\L0034.h">
      <Filter>头文件\L1_100</Filter>
    </ClInclude>
    <ClInclude Include="src\L1_100\L0035.h">
      <Filter>头文件\L1_100</Filter>
    </ClInclude>
    <ClInclude Include="src\L1_100\L0036.h">
      <Filter>头文件\L1_100</Filter>
    </ClInclude>
    <ClInclude Include="src\L1_100\L0037.h">
      <Filter>头文件\L1_100</Filter>
    </ClInclude>
    <ClInclude Include="src\L1_100\L0038.h">
      <Filter>头文件\L1_100</Filter>
    </ClInclude>
    <ClInclude Include="src\L1_100\L0039.h">
      <Filter>头文件\L1_100</Filter>
    </ClInclude>
    <ClInclude Include="src\L1_100\L0040.h">
      <Filter>头文件\L1_100</Filter>
    </ClInclude>
    <ClInclude Include="src\L1_100\L0053.h">
      <Filter>头文件\L1_100</Filter>
    </ClInclude>
    <ClInclude Include="src\L1_100\L0058.h">
      <Filter>头文件\L1_100</Filter>
    </ClInclude>
    <ClInclude Include="src\L1_100\L0066.h">
      <Filter>头文件\L1_100</Filter>
    </ClInclude>
    <ClInclude Include="src\L1_100\L0067.h">
      <Filter>头文件\L1_100</Filter>
    </ClInclude>
    <ClInclude Include="src\L1_100\L0069.h">
      <Filter>头文件\L1_100</Filter>
    </ClInclude>
    <ClInclude Include="src\L101_200\L0101.h">
      <Filter>头文件\L101_200</Filter>
    </ClInclude>
    <ClInclude Include="src\L101_200\L0160.h">
      <Filter>头文件\L101_200</Filter>
    </ClInclude>
    <ClInclude Include="src\L101_200\L0172.h">
      <Filter>头文件\L101_200</Filter>
    </ClInclude>
    <ClInclude Include="src\L101_200\L0189.h">
      <Filter>头文件\L101_200</Filter>
    </ClInclude>
    <ClInclude Include="src\L1_100\L0041.h">
      <Filter>头文件\L1_100</Filter>
    </ClInclude>
    <ClInclude Include="src\L1_100\L0042.h">
      <Filter>头文件\L1_100</Filter>
    </ClInclude>
    <ClInclude Include="src\L1_100\L0043.h">
      <Filter>头文件\L1_100</Filter>
    </ClInclude>
    <ClInclude Include="src\L1_100\L0044.h">
      <Filter>头文件\L1_100</Filter>
    </ClInclude>
    <ClInclude Include="src\L1_100\L0045.h">
      <Filter>头文件\L1_100</Filter>
    </ClInclude>
    <ClInclude Include="src\L1_100\L0046.h">
      <Filter>头文件\L1_100</Filter>
    </ClInclude>
    <ClInclude Include="src\L1_100\L0047.h">
      <Filter>头文件\L1_100</Filter>
    </ClInclude>
    <ClInclude Include="src\L1_100\L0048.h">
      <Filter>头文件\L1_100</Filter>
    </ClInclude>
    <ClInclude Include="src\L1_100\L0049.h">
      <Filter>头文件\L1_100</Filter>
    </ClInclude>
    <ClInclude Include="src\L1_100\L0050.h">
      <Filter>头文件\L1_100</Filter>
    </ClInclude>
    <ClInclude Include="src\L1_100\L0051.h">
      <Filter>头文件\L1_100</Filter>
    </ClInclude>
    <ClInclude Include="src\L1_100\L0052.h">
      <Filter>头文件\L1_100</Filter>
    </ClInclude>
    <ClInclude Include="src\L1_100\L0054.h">
      <Filter>头文件\L1_100</Filter>
    </ClInclude>
    <ClInclude Include="src\L1_100\L0055.h">
      <Filter>头文件\L1_100</Filter>
    </ClInclude>
    <ClInclude Include="src\L1_100\L0056.h">
      <Filter>头文件\L1_100</Filter>
    </ClInclude>
    <ClInclude Include="src\L1_100\L0057.h">
      <Filter>头文件\L1_100</Filter>
    </ClInclude>
    <ClInclude Include="src\L1_100\L0059.h">
      <Filter>头文件\L1_100</Filter>
    </ClInclude>
    <ClInclude Include="src\L1_100\L0060.h">
      <Filter>头文件\L1_100</Filter>
    </ClInclude>
    <ClInclude Include="src\L1_100\L0061.h">
      <Filter>头文件\L1_100</Filter>
    </ClInclude>
    <ClInclude Include="src\L1_100\L0062.h">
      <Filter>头文件\L1_100</Filter>
    </ClInclude>
    <ClInclude Include="src\L1_100\L0063.h">
      <Filter>头文件\L1_100</Filter>
    </ClInclude>
    <ClInclude Include="src\L1_100\L0064.h">
      <Filter>头文件\L1_100</Filter>
    </ClInclude>
    <ClInclude Include="src\L1_100\L0072.h">
      <Filter>头文件\L1_100</Filter>
    </ClInclude>
    <ClInclude Include="src\L1_100\L0073.h">
      <Filter>头文件\L1_100</Filter>
    </ClInclude>
    <ClInclude Include="src\L1_100\L0074.h">
      <Filter>头文件\L1_100</Filter>
    </ClInclude>
    <ClInclude Include="src\L1_100\L0075.h">
      <Filter>头文件\L1_100</Filter>
    </ClInclude>
    <ClInclude Include="src\L1_100\L0076.h">
      <Filter>头文件\L1_100</Filter>
    </ClInclude>
    <ClInclude Include="src\L1_100\L0077.h">
      <Filter>头文件\L1_100</Filter>
    </ClInclude>
    <ClInclude Include="src\L1_100\L0078.h">
      <Filter>头文件\L1_100</Filter>
    </ClInclude>
    <ClInclude Include="src\L1_100\L0079.h">
      <Filter>头文件\L1_100</Filter>
    </ClInclude>
    <ClInclude Include="src\L1_100\L0080.h">
      <Filter>头文件\L1_100</Filter>
    </ClInclude>
    <ClInclude Include="src\L1_100\L0083.h">
      <Filter>头文件\L1_100</Filter>
    </ClInclude>
    <ClInclude Include="src\L1_100\L0088.h">
      <Filter>头文件\L1_100</Filter>
    </ClInclude>
    <ClInclude Include="src\L1_100\L0081.h">
      <Filter>头文件\L1_100</Filter>
    </ClInclude>
    <ClInclude Include="src\L1_100\L0082.h">
      <Filter>头文件\L1_100</Filter>
    </ClInclude>
    <ClInclude Include="src\L1_100\L0084.h">
      <Filter>头文件\L1_100</Filter>
    </ClInclude>
    <ClInclude Include="src\L1_100\L0085.h">
      <Filter>头文件\L1_100</Filter>
    </ClInclude>
    <ClInclude Include="src\L1_100\L0086.h">
      <Filter>头文件\L1_100</Filter>
    </ClInclude>
    <ClInclude Include="src\L1_100\L0087.h">
      <Filter>头文件\L1_100</Filter>
    </ClInclude>
    <ClInclude Include="src\L1_100\L0089.h">
      <Filter>头文件\L1_100</Filter>
    </ClInclude>
    <ClInclude Include="src\L1_100\L0090.h">
      <Filter>头文件\L1_100</Filter>
    </ClInclude>
    <ClInclude Include="src\L1_100\L0091.h">
      <Filter>头文件\L1_100</Filter>
    </ClInclude>
    <ClInclude Include="src\L1_100\L0068.h">
      <Filter>头文件\L1_100</Filter>
    </ClInclude>
    <ClInclude Include="src\L1_100\L0071.h">
      <Filter>头文件\L1_100</Filter>
    </ClInclude>
    <ClInclude Include="src\L1_100\L0065.h">
      <Filter>头文件\L1_100</Filter>
    </ClInclude>
    <ClInclude Include="src\L1_100\L0092.h">
      <Filter>头文件\L1_100</Filter>
    </ClInclude>
    <ClInclude Include="src\L1_100\L0093.h">
      <Filter>头文件\L1_100</Filter>
    </ClInclude>
    <ClInclude Include="src\L1_100\L0094.h">
      <Filter>头文件\L1_100</Filter>
    </ClInclude>
    <ClInclude Include="src\L1_100\L0095.h">
      <Filter>头文件\L1_100</Filter>
    </ClInclude>
    <ClInclude Include="src\L1_100\L0096.h">
      <Filter>头文件\L1_100</Filter>
    </ClInclude>
    <ClInclude Include="src\L1_100\L0097.h">
      <Filter>头文件\L1_100</Filter>
    </ClInclude>
    <ClInclude Include="src\L1_100\L0098.h">
      <Filter>头文件\L1_100</Filter>
    </ClInclude>
    <ClInclude Include="src\L1_100\L0099.h">
      <Filter>头文件\L1_100</Filter>
    </ClInclude>
    <ClInclude Include="src\L101_200\L0102.h">
      <Filter>头文件\L101_200</Filter>
    </ClInclude>
    <ClInclude Include="src\L101_200\L0103.h">
      <Filter>头文件\L101_200</Filter>
    </ClInclude>
    <ClInclude Include="src\L101_200\L0105.h">
      <Filter>头文件\L101_200</Filter>
    </ClInclude>
    <ClInclude Include="src\L101_200\L0106.h">
      <Filter>头文件\L101_200</Filter>
    </ClInclude>
    <ClInclude Include="src\L101_200\L0109.h">
      <Filter>头文件\L101_200</Filter>
    </ClInclude>
    <ClInclude Include="src\L101_200\L0113.h">
      <Filter>头文件\L101_200</Filter>
    </ClInclude>
    <ClInclude Include="src\L101_200\L0114.h">
      <Filter>头文件\L101_200</Filter>
    </ClInclude>
    <ClInclude Include="src\L101_200\L0115.h">
      <Filter>头文件\L101_200</Filter>
    </ClInclude>
    <ClInclude Include="src\L101_200\L0116.h">
      <Filter>头文件\L101_200</Filter>
    </ClInclude>
    <ClInclude Include="src\L101_200\L0117.h">
      <Filter>头文件\L101_200</Filter>
    </ClInclude>
    <ClInclude Include="src\L101_200\L0120.h">
      <Filter>头文件\L101_200</Filter>
    </ClInclude>
    <ClInclude Include="src\L101_200\L0123.h">
      <Filter>头文件\L101_200</Filter>
    </ClInclude>
    <ClInclude Include="src\L101_200\L0124.h">
      <Filter>头文件\L101_200</Filter>
    </ClInclude>
    <ClInclude Include="src\L101_200\L0126.h">
      <Filter>头文件\L101_200</Filter>
    </ClInclude>
    <ClInclude Include="src\L101_200\L0128.h">
      <Filter>头文件\L101_200</Filter>
    </ClInclude>
    <ClInclude Include="src\L101_200\L0129.h">
      <Filter>头文件\L101_200</Filter>
    </ClInclude>
    <ClInclude Include="src\L101_200\L0127.h">
      <Filter>头文件\L101_200</Filter>
    </ClInclude>
    <ClInclude Include="src\L101_200\L0130.h">
      <Filter>头文件\L101_200</Filter>
    </ClInclude>
    <ClInclude Include="src\L101_200\L0131.h">
      <Filter>头文件\L101_200</Filter>
    </ClInclude>
    <ClInclude Include="src\L101_200\L0132.h">
      <Filter>头文件\L101_200</Filter>
    </ClInclude>
    <ClInclude Include="src\L101_200\L0133.h">
      <Filter>头文件\L101_200</Filter>
    </ClInclude>
    <ClInclude Include="src\L101_200\L0134.h">
      <Filter>头文件\L101_200</Filter>
    </ClInclude>
  </ItemGroup>
</Project>